# Code generated by scarb DO NOT EDIT.
version = 1

[[package]]
name = "dojo"
version = "1.0.0-alpha.4"
source = "git+https://github.com/Larkooo/dojo-lobotomized#c747a806387e3ae8d67108af0af64fe07f2d06be"

[[package]]
name = "flippyflop"
version = "0.1.0"
dependencies = [
 "dojo",
 "origami_token",
]

[[package]]
name = "origami_token"
version = "1.0.0-alpha.16"
source = "git+https://github.com/Larkooo/origami#103005159acd6cbb773b55fe8a7d411c8016e7ea"
dependencies = [
 "dojo",
]
